
Microsoft Visual Studio Solution File, Format Version 12.00
# Visual Studio 2015
Project("{FAE04EC0-301F-11D3-BF4B-00C04F79EFBC}") = "Between The Lines.CSharp", "Between The Lines.CSharp.csproj", "{CFCB433B-B059-F5DE-CA5C-016C97C3EC45}"
EndProject
Global
	GlobalSection(SolutionConfigurationPlatforms) = preSolution
		Debug|Any CPU = Debug|Any CPU
		Release|Any CPU = Release|Any CPU
	EndGlobalSection
	GlobalSection(ProjectConfigurationPlatforms) = postSolution
		{CFCB433B-B059-F5DE-CA5C-016C97C3EC45}.Debug|Any CPU.ActiveCfg = Debug|Any CPU
		{CFCB433B-B059-F5DE-CA5C-016C97C3EC45}.Debug|Any CPU.Build.0 = Debug|Any CPU
		{CFCB433B-B059-F5DE-CA5C-016C97C3EC45}.Release|Any CPU.ActiveCfg = Release|Any CPU
		{CFCB433B-B059-F5DE-CA5C-016C97C3EC45}.Release|Any CPU.Build.0 = Release|Any CPU
	EndGlobalSection
	GlobalSection(SolutionProperties) = preSolution
		HideSolutionNode = FALSE
	EndGlobalSection
EndGlobal
