<<<<<<< HEAD
﻿
Microsoft Visual Studio Solution File, Format Version 12.00
# Visual Studio 2015
=======
Microsoft Visual Studio Solution File, Format Version 11.00
# Visual Studio 2008

Project("{9DC2E40A-1361-7C2B-B40C-6E98240A509D}") = "Between The Lines", "Assembly-CSharp.csproj", "{4BD03918-31C1-11CA-4562-34691BC26210}"
EndProject
>>>>>>> 0bcf31357a912ae5213b1b53200450dc5a4e0189
Global
	GlobalSection(SolutionConfigurationPlatforms) = preSolution
		Debug|Any CPU = Debug|Any CPU
		Release|Any CPU = Release|Any CPU
	EndGlobalSection
	GlobalSection(ProjectConfigurationPlatforms) = postSolution
<<<<<<< HEAD
=======
		{4BD03918-31C1-11CA-4562-34691BC26210}.Debug|Any CPU.ActiveCfg = Debug|Any CPU
		{4BD03918-31C1-11CA-4562-34691BC26210}.Debug|Any CPU.Build.0 = Debug|Any CPU
		{4BD03918-31C1-11CA-4562-34691BC26210}.Release|Any CPU.ActiveCfg = Release|Any CPU
		{4BD03918-31C1-11CA-4562-34691BC26210}.Release|Any CPU.Build.0 = Release|Any CPU
>>>>>>> 0bcf31357a912ae5213b1b53200450dc5a4e0189
	EndGlobalSection
	GlobalSection(SolutionProperties) = preSolution
		HideSolutionNode = FALSE
	EndGlobalSection
EndGlobal
